
Microsoft Visual Studio Solution File, Format Version 12.00
# Visual Studio Version 16
VisualStudioVersion = 16.0.31624.102
MinimumVisualStudioVersion = 10.0.40219.1
Project("{FAE04EC0-301F-11D3-BF4B-00C04F79EFBC}") = "AlbumFotos", "AlbumFotos\AlbumFotos.csproj", "{58097CE1-DA8F-40DE-A625-F467580CADC2}"
EndProject
Global
	GlobalSection(SolutionConfigurationPlatforms) = preSolution
		Debug|Any CPU = Debug|Any CPU
		Release|Any CPU = Release|Any CPU
	EndGlobalSection
	GlobalSection(ProjectConfigurationPlatforms) = postSolution
		{58097CE1-DA8F-40DE-A625-F467580CADC2}.Debug|Any CPU.ActiveCfg = Debug|Any CPU
		{58097CE1-DA8F-40DE-A625-F467580CADC2}.Debug|Any CPU.Build.0 = Debug|Any CPU
		{58097CE1-DA8F-40DE-A625-F467580CADC2}.Release|Any CPU.ActiveCfg = Release|Any CPU
		{58097CE1-DA8F-40DE-A625-F467580CADC2}.Release|Any CPU.Build.0 = Release|Any CPU
	EndGlobalSection
	GlobalSection(SolutionProperties) = preSolution
		HideSolutionNode = FALSE
	EndGlobalSection
	GlobalSection(ExtensibilityGlobals) = postSolution
		SolutionGuid = {6950426E-47F7-451F-89DE-1DE66B6021F7}
	EndGlobalSection
EndGlobal
